// !$*UTF8*$!
{
	archiveVersion = 1;
	classes = {
	};
	objectVersion = 50;
	objects = {

/* Begin PBXBuildFile section */
		605780A026AEDFE1004FEF12 /* AppDelegate.m in Sources */ = {isa = PBXBuildFile; fileRef = 6057809F26AEDFE1004FEF12 /* AppDelegate.m */; };
		605780A326AEDFE1004FEF12 /* SceneDelegate.m in Sources */ = {isa = PBXBuildFile; fileRef = 605780A226AEDFE1004FEF12 /* SceneDelegate.m */; };
		605780A626AEDFE1004FEF12 /* ViewController.m in Sources */ = {isa = PBXBuildFile; fileRef = 605780A526AEDFE1004FEF12 /* ViewController.m */; };
		605780A926AEDFE1004FEF12 /* Main.storyboard in Resources */ = {isa = PBXBuildFile; fileRef = 605780A726AEDFE1004FEF12 /* Main.storyboard */; };
		605780AB26AEDFE2004FEF12 /* Assets.xcassets in Resources */ = {isa = PBXBuildFile; fileRef = 605780AA26AEDFE2004FEF12 /* Assets.xcassets */; };
		605780AE26AEDFE2004FEF12 /* LaunchScreen.storyboard in Resources */ = {isa = PBXBuildFile; fileRef = 605780AC26AEDFE2004FEF12 /* LaunchScreen.storyboard */; };
		605780B126AEDFE2004FEF12 /* main.m in Sources */ = {isa = PBXBuildFile; fileRef = 605780B026AEDFE2004FEF12 /* main.m */; };
		605780B926AEE678004FEF12 /* GCDTaskAndQueue.m in Sources */ = {isa = PBXBuildFile; fileRef = 605780B826AEE678004FEF12 /* GCDTaskAndQueue.m */; };
		DC9EDC9926AFDA5C00F74F98 /* GCDAPI.m in Sources */ = {isa = PBXBuildFile; fileRef = DC9EDC9826AFDA5C00F74F98 /* GCDAPI.m */; };
/* End PBXBuildFile section */

/* Begin PBXFileReference section */
		6057809B26AEDFE1004FEF12 /* GCD.app */ = {isa = PBXFileReference; explicitFileType = wrapper.application; includeInIndex = 0; path = GCD.app; sourceTree = BUILT_PRODUCTS_DIR; };
		6057809E26AEDFE1004FEF12 /* AppDelegate.h */ = {isa = PBXFileReference; lastKnownFileType = sourcecode.c.h; path = AppDelegate.h; sourceTree = "<group>"; };
		6057809F26AEDFE1004FEF12 /* AppDelegate.m */ = {isa = PBXFileReference; lastKnownFileType = sourcecode.c.objc; path = AppDelegate.m; sourceTree = "<group>"; };
		605780A126AEDFE1004FEF12 /* SceneDelegate.h */ = {isa = PBXFileReference; lastKnownFileType = sourcecode.c.h; path = SceneDelegate.h; sourceTree = "<group>"; };
		605780A226AEDFE1004FEF12 /* SceneDelegate.m */ = {isa = PBXFileReference; lastKnownFileType = sourcecode.c.objc; path = SceneDelegate.m; sourceTree = "<group>"; };
		605780A426AEDFE1004FEF12 /* ViewController.h */ = {isa = PBXFileReference; lastKnownFileType = sourcecode.c.h; path = ViewController.h; sourceTree = "<group>"; };
		605780A526AEDFE1004FEF12 /* ViewController.m */ = {isa = PBXFileReference; lastKnownFileType = sourcecode.c.objc; path = ViewController.m; sourceTree = "<group>"; };
		605780A826AEDFE1004FEF12 /* Base */ = {isa = PBXFileReference; lastKnownFileType = file.storyboard; name = Base; path = Base.lproj/Main.storyboard; sourceTree = "<group>"; };
		605780AA26AEDFE2004FEF12 /* Assets.xcassets */ = {isa = PBXFileReference; lastKnownFileType = folder.assetcatalog; path = Assets.xcassets; sourceTree = "<group>"; };
		605780AD26AEDFE2004FEF12 /* Base */ = {isa = PBXFileReference; lastKnownFileType = file.storyboard; name = Base; path = Base.lproj/LaunchScreen.storyboard; sourceTree = "<group>"; };
		605780AF26AEDFE2004FEF12 /* Info.plist */ = {isa = PBXFileReference; lastKnownFileType = text.plist.xml; path = Info.plist; sourceTree = "<group>"; };
		605780B026AEDFE2004FEF12 /* main.m */ = {isa = PBXFileReference; lastKnownFileType = sourcecode.c.objc; path = main.m; sourceTree = "<group>"; };
		605780B726AEE678004FEF12 /* GCDTaskAndQueue.h */ = {isa = PBXFileReference; lastKnownFileType = sourcecode.c.h; path = GCDTaskAndQueue.h; sourceTree = "<group>"; };
		605780B826AEE678004FEF12 /* GCDTaskAndQueue.m */ = {isa = PBXFileReference; lastKnownFileType = sourcecode.c.objc; path = GCDTaskAndQueue.m; sourceTree = "<group>"; };
		DC9EDC9726AFDA5C00F74F98 /* GCDAPI.h */ = {isa = PBXFileReference; lastKnownFileType = sourcecode.c.h; path = GCDAPI.h; sourceTree = "<group>"; };
		DC9EDC9826AFDA5C00F74F98 /* GCDAPI.m */ = {isa = PBXFileReference; lastKnownFileType = sourcecode.c.objc; path = GCDAPI.m; sourceTree = "<group>"; };
/* End PBXFileReference section */

/* Begin PBXFrameworksBuildPhase section */
		6057809826AEDFE1004FEF12 /* Frameworks */ = {
			isa = PBXFrameworksBuildPhase;
			buildActionMask = 2147483647;
			files = (
			);
			runOnlyForDeploymentPostprocessing = 0;
		};
/* End PBXFrameworksBuildPhase section */

/* Begin PBXGroup section */
		6057809226AEDFE1004FEF12 = {
			isa = PBXGroup;
			children = (
				6057809D26AEDFE1004FEF12 /* GCD */,
				6057809C26AEDFE1004FEF12 /* Products */,
			);
			sourceTree = "<group>";
		};
		6057809C26AEDFE1004FEF12 /* Products */ = {
			isa = PBXGroup;
			children = (
				6057809B26AEDFE1004FEF12 /* GCD.app */,
			);
			name = Products;
			sourceTree = "<group>";
		};
		6057809D26AEDFE1004FEF12 /* GCD */ = {
			isa = PBXGroup;
			children = (
				6057809E26AEDFE1004FEF12 /* AppDelegate.h */,
				6057809F26AEDFE1004FEF12 /* AppDelegate.m */,
				605780A126AEDFE1004FEF12 /* SceneDelegate.h */,
				605780A226AEDFE1004FEF12 /* SceneDelegate.m */,
				605780A426AEDFE1004FEF12 /* ViewController.h */,
				605780A526AEDFE1004FEF12 /* ViewController.m */,
				DC9EDC9726AFDA5C00F74F98 /* GCDAPI.h */,
				DC9EDC9826AFDA5C00F74F98 /* GCDAPI.m */,
				605780B726AEE678004FEF12 /* GCDTaskAndQueue.h */,
				605780B826AEE678004FEF12 /* GCDTaskAndQueue.m */,
				605780A726AEDFE1004FEF12 /* Main.storyboard */,
				605780AA26AEDFE2004FEF12 /* Assets.xcassets */,
				605780AC26AEDFE2004FEF12 /* LaunchScreen.storyboard */,
				605780AF26AEDFE2004FEF12 /* Info.plist */,
				605780B026AEDFE2004FEF12 /* main.m */,
			);
			path = GCD;
			sourceTree = "<group>";
		};
/* End PBXGroup section */

/* Begin PBXNativeTarget section */
		6057809A26AEDFE1004FEF12 /* GCD */ = {
			isa = PBXNativeTarget;
			buildConfigurationList = 605780B426AEDFE2004FEF12 /* Build configuration list for PBXNativeTarget "GCD" */;
			buildPhases = (
				6057809726AEDFE1004FEF12 /* Sources */,
				6057809826AEDFE1004FEF12 /* Frameworks */,
				6057809926AEDFE1004FEF12 /* Resources */,
			);
			buildRules = (
			);
			dependencies = (
			);
			name = GCD;
			productName = GCD;
			productReference = 6057809B26AEDFE1004FEF12 /* GCD.app */;
			productType = "com.apple.product-type.application";
		};
/* End PBXNativeTarget section */

/* Begin PBXProject section */
		6057809326AEDFE1004FEF12 /* Project object */ = {
			isa = PBXProject;
			attributes = {
				LastUpgradeCheck = 1250;
				TargetAttributes = {
					6057809A26AEDFE1004FEF12 = {
						CreatedOnToolsVersion = 12.5.1;
					};
				};
			};
			buildConfigurationList = 6057809626AEDFE1004FEF12 /* Build configuration list for PBXProject "GCD" */;
			compatibilityVersion = "Xcode 9.3";
			developmentRegion = en;
			hasScannedForEncodings = 0;
			knownRegions = (
				en,
				Base,
			);
			mainGroup = 6057809226AEDFE1004FEF12;
			productRefGroup = 6057809C26AEDFE1004FEF12 /* Products */;
			projectDirPath = "";
			projectRoot = "";
			targets = (
				6057809A26AEDFE1004FEF12 /* GCD */,
			);
		};
/* End PBXProject section */

/* Begin PBXResourcesBuildPhase section */
		6057809926AEDFE1004FEF12 /* Resources */ = {
			isa = PBXResourcesBuildPhase;
			buildActionMask = 2147483647;
			files = (
				605780AE26AEDFE2004FEF12 /* LaunchScreen.storyboard in Resources */,
				605780AB26AEDFE2004FEF12 /* Assets.xcassets in Resources */,
				605780A926AEDFE1004FEF12 /* Main.storyboard in Resources */,
			);
			runOnlyForDeploymentPostprocessing = 0;
		};
/* End PBXResourcesBuildPhase section */

/* Begin PBXSourcesBuildPhase section */
		6057809726AEDFE1004FEF12 /* Sources */ = {
			isa = PBXSourcesBuildPhase;
			buildActionMask = 2147483647;
			files = (
				605780A626AEDFE1004FEF12 /* ViewController.m in Sources */,
				605780A026AEDFE1004FEF12 /* AppDelegate.m in Sources */,
				605780B926AEE678004FEF12 /* GCDTaskAndQueue.m in Sources */,
				DC9EDC9926AFDA5C00F74F98 /* GCDAPI.m in Sources */,
				605780B126AEDFE2004FEF12 /* main.m in Sources */,
				605780A326AEDFE1004FEF12 /* SceneDelegate.m in Sources */,
			);
			runOnlyForDeploymentPostprocessing = 0;
		};
/* End PBXSourcesBuildPhase section */

/* Begin PBXVariantGroup section */
		605780A726AEDFE1004FEF12 /* Main.storyboard */ = {
			isa = PBXVariantGroup;
			children = (
				605780A826AEDFE1004FEF12 /* Base */,
			);
			name = Main.storyboard;
			sourceTree = "<group>";
		};
		605780AC26AEDFE2004FEF12 /* LaunchScreen.storyboard */ = {
			isa = PBXVariantGroup;
			children = (
				605780AD26AEDFE2004FEF12 /* Base */,
			);
			name = LaunchScreen.storyboard;
			sourceTree = "<group>";
		};
/* End PBXVariantGroup section */

/* Begin XCBuildConfiguration section */
		605780B226AEDFE2004FEF12 /* Debug */ = {
			isa = XCBuildConfiguration;
			buildSettings = {
				ALWAYS_SEARCH_USER_PATHS = NO;
				CLANG_ANALYZER_NONNULL = YES;
				CLANG_ANALYZER_NUMBER_OBJECT_CONVERSION = YES_AGGRESSIVE;
				CLANG_CXX_LANGUAGE_STANDARD = "gnu++14";
				CLANG_CXX_LIBRARY = "libc++";
				CLANG_ENABLE_MODULES = YES;
				CLANG_ENABLE_OBJC_ARC = YES;
				CLANG_ENABLE_OBJC_WEAK = YES;
				CLANG_WARN_BLOCK_CAPTURE_AUTORELEASING = YES;
				CLANG_WARN_BOOL_CONVERSION = YES;
				CLANG_WARN_COMMA = YES;
				CLANG_WARN_CONSTANT_CONVERSION = YES;
				CLANG_WARN_DEPRECATED_OBJC_IMPLEMENTATIONS = YES;
				CLANG_WARN_DIRECT_OBJC_ISA_USAGE = YES_ERROR;
				CLANG_WARN_DOCUMENTATION_COMMENTS = YES;
				CLANG_WARN_EMPTY_BODY = YES;
				CLANG_WARN_ENUM_CONVERSION = YES;
				CLANG_WARN_INFINITE_RECURSION = YES;
				CLANG_WARN_INT_CONVERSION = YES;
				CLANG_WARN_NON_LITERAL_NULL_CONVERSION = YES;
				CLANG_WARN_OBJC_IMPLICIT_RETAIN_SELF = YES;
				CLANG_WARN_OBJC_LITERAL_CONVERSION = YES;
				CLANG_WARN_OBJC_ROOT_CLASS = YES_ERROR;
				CLANG_WARN_QUOTED_INCLUDE_IN_FRAMEWORK_HEADER = YES;
				CLANG_WARN_RANGE_LOOP_ANALYSIS = YES;
				CLANG_WARN_STRICT_PROTOTYPES = YES;
				CLANG_WARN_SUSPICIOUS_MOVE = YES;
				CLANG_WARN_UNGUARDED_AVAILABILITY = YES_AGGRESSIVE;
				CLANG_WARN_UNREACHABLE_CODE = YES;
				CLANG_WARN__DUPLICATE_METHOD_MATCH = YES;
				COPY_PHASE_STRIP = NO;
				DEBUG_INFORMATION_FORMAT = dwarf;
				ENABLE_STRICT_OBJC_MSGSEND = YES;
				ENABLE_TESTABILITY = YES;
				GCC_C_LANGUAGE_STANDARD = gnu11;
				GCC_DYNAMIC_NO_PIC = NO;
				GCC_NO_COMMON_BLOCKS = YES;
				GCC_OPTIMIZATION_LEVEL = 0;
				GCC_PREPROCESSOR_DEFINITIONS = (
					"DEBUG=1",
					"$(inherited)",
				);
				GCC_WARN_64_TO_32_BIT_CONVERSION = YES;
				GCC_WARN_ABOUT_RETURN_TYPE = YES_ERROR;
				GCC_WARN_UNDECLARED_SELECTOR = YES;
				GCC_WARN_UNINITIALIZED_AUTOS = YES_AGGRESSIVE;
				GCC_WARN_UNUSED_FUNCTION = YES;
				GCC_WARN_UNUSED_VARIABLE = YES;
				IPHONEOS_DEPLOYMENT_TARGET = 14.5;
				MTL_ENABLE_DEBUG_INFO = INCLUDE_SOURCE;
				MTL_FAST_MATH = YES;
				ONLY_ACTIVE_ARCH = YES;
				SDKROOT = iphoneos;
			};
			name = Debug;
		};
		605780B326AEDFE2004FEF12 /* Release */ = {
			isa = XCBuildConfiguration;
			buildSettings = {
				ALWAYS_SEARCH_USER_PATHS = NO;
				CLANG_ANALYZER_NONNULL = YES;
				CLANG_ANALYZER_NUMBER_OBJECT_CONVERSION = YES_AGGRESSIVE;
				CLANG_CXX_LANGUAGE_STANDARD = "gnu++14";
				CLANG_CXX_LIBRARY = "libc++";
				CLANG_ENABLE_MODULES = YES;
				CLANG_ENABLE_OBJC_ARC = YES;
				CLANG_ENABLE_OBJC_WEAK = YES;
				CLANG_WARN_BLOCK_CAPTURE_AUTORELEASING = YES;
				CLANG_WARN_BOOL_CONVERSION = YES;
				CLANG_WARN_COMMA = YES;
				CLANG_WARN_CONSTANT_CONVERSION = YES;
				CLANG_WARN_DEPRECATED_OBJC_IMPLEMENTATIONS = YES;
				CLANG_WARN_DIRECT_OBJC_ISA_USAGE = YES_ERROR;
				CLANG_WARN_DOCUMENTATION_COMMENTS = YES;
				CLANG_WARN_EMPTY_BODY = YES;
				CLANG_WARN_ENUM_CONVERSION = YES;
				CLANG_WARN_INFINITE_RECURSION = YES;
				CLANG_WARN_INT_CONVERSION = YES;
				CLANG_WARN_NON_LITERAL_NULL_CONVERSION = YES;
				CLANG_WARN_OBJC_IMPLICIT_RETAIN_SELF = YES;
				CLANG_WARN_OBJC_LITERAL_CONVERSION = YES;
				CLANG_WARN_OBJC_ROOT_CLASS = YES_ERROR;
				CLANG_WARN_QUOTED_INCLUDE_IN_FRAMEWORK_HEADER = YES;
				CLANG_WARN_RANGE_LOOP_ANALYSIS = YES;
				CLANG_WARN_STRICT_PROTOTYPES = YES;
				CLANG_WARN_SUSPICIOUS_MOVE = YES;
				CLANG_WARN_UNGUARDED_AVAILABILITY = YES_AGGRESSIVE;
				CLANG_WARN_UNREACHABLE_CODE = YES;
				CLANG_WARN__DUPLICATE_METHOD_MATCH = YES;
				COPY_PHASE_STRIP = NO;
				DEBUG_INFORMATION_FORMAT = "dwarf-with-dsym";
				ENABLE_NS_ASSERTIONS = NO;
				ENABLE_STRICT_OBJC_MSGSEND = YES;
				GCC_C_LANGUAGE_STANDARD = gnu11;
				GCC_NO_COMMON_BLOCKS = YES;
				GCC_WARN_64_TO_32_BIT_CONVERSION = YES;
				GCC_WARN_ABOUT_RETURN_TYPE = YES_ERROR;
				GCC_WARN_UNDECLARED_SELECTOR = YES;
				GCC_WARN_UNINITIALIZED_AUTOS = YES_AGGRESSIVE;
				GCC_WARN_UNUSED_FUNCTION = YES;
				GCC_WARN_UNUSED_VARIABLE = YES;
				IPHONEOS_DEPLOYMENT_TARGET = 14.5;
				MTL_ENABLE_DEBUG_INFO = NO;
				MTL_FAST_MATH = YES;
				SDKROOT = iphoneos;
				VALIDATE_PRODUCT = YES;
			};
			name = Release;
		};
		605780B526AEDFE2004FEF12 /* Debug */ = {
			isa = XCBuildConfiguration;
			buildSettings = {
				ASSETCATALOG_COMPILER_APPICON_NAME = AppIcon;
				ASSETCATALOG_COMPILER_GLOBAL_ACCENT_COLOR_NAME = AccentColor;
				CODE_SIGN_STYLE = Automatic;
				DEVELOPMENT_TEAM = 73CD6LSN38;
				INFOPLIST_FILE = GCD/Info.plist;
				LD_RUNPATH_SEARCH_PATHS = (
					"$(inherited)",
					"@executable_path/Frameworks",
				);
				PRODUCT_BUNDLE_IDENTIFIER = com.kinken.GCD;
				PRODUCT_NAME = "$(TARGET_NAME)";
				TARGETED_DEVICE_FAMILY = "1,2";
			};
			name = Debug;
		};
		605780B626AEDFE2004FEF12 /* Release */ = {
			isa = XCBuildConfiguration;
			buildSettings = {
				ASSETCATALOG_COMPILER_APPICON_NAME = AppIcon;
				ASSETCATALOG_COMPILER_GLOBAL_ACCENT_COLOR_NAME = AccentColor;
				CODE_SIGN_STYLE = Automatic;
				DEVELOPMENT_TEAM = 73CD6LSN38;
				INFOPLIST_FILE = GCD/Info.plist;
				LD_RUNPATH_SEARCH_PATHS = (
					"$(inherited)",
					"@executable_path/Frameworks",
				);
				PRODUCT_BUNDLE_IDENTIFIER = com.kinken.GCD;
				PRODUCT_NAME = "$(TARGET_NAME)";
				TARGETED_DEVICE_FAMILY = "1,2";
			};
			name = Release;
		};
/* End XCBuildConfiguration section */

/* Begin XCConfigurationList section */
		6057809626AEDFE1004FEF12 /* Build configuration list for PBXProject "GCD" */ = {
			isa = XCConfigurationList;
			buildConfigurations = (
				605780B226AEDFE2004FEF12 /* Debug */,
				605780B326AEDFE2004FEF12 /* Release */,
			);
			defaultConfigurationIsVisible = 0;
			defaultConfigurationName = Release;
		};
		605780B426AEDFE2004FEF12 /* Build configuration list for PBXNativeTarget "GCD" */ = {
			isa = XCConfigurationList;
			buildConfigurations = (
				605780B526AEDFE2004FEF12 /* Debug */,
				605780B626AEDFE2004FEF12 /* Release */,
			);
			defaultConfigurationIsVisible = 0;
			defaultConfigurationName = Release;
		};
/* End XCConfigurationList section */
	};
	rootObject = 6057809326AEDFE1004FEF12 /* Project object */;
}
